
Microsoft Visual Studio Solution File, Format Version 12.00
# Visual Studio Version 16
VisualStudioVersion = 16.0.31624.102
MinimumVisualStudioVersion = 10.0.40219.1
Project("{9A19103F-16F7-4668-BE54-9A1E7A4F7556}") = "CryptoTradingSystem.IndicatorCalculator", "CryptoTradingSystem.IndicatorCalculator\CryptoTradingSystem.IndicatorCalculator.csproj", "{BB1D2067-0350-4D77-AE8B-E424DE6C91CD}"
EndProject
Global
	GlobalSection(SolutionConfigurationPlatforms) = preSolution
		Debug|Any CPU = Debug|Any CPU
		Release|Any CPU = Release|Any CPU
	EndGlobalSection
	GlobalSection(ProjectConfigurationPlatforms) = postSolution
		{BB1D2067-0350-4D77-AE8B-E424DE6C91CD}.Debug|Any CPU.ActiveCfg = Debug|Any CPU
		{BB1D2067-0350-4D77-AE8B-E424DE6C91CD}.Debug|Any CPU.Build.0 = Debug|Any CPU
		{BB1D2067-0350-4D77-AE8B-E424DE6C91CD}.Release|Any CPU.ActiveCfg = Release|Any CPU
		{BB1D2067-0350-4D77-AE8B-E424DE6C91CD}.Release|Any CPU.Build.0 = Release|Any CPU
	EndGlobalSection
	GlobalSection(SolutionProperties) = preSolution
		HideSolutionNode = FALSE
	EndGlobalSection
	GlobalSection(ExtensibilityGlobals) = postSolution
		SolutionGuid = {7E266D55-0931-4175-8C91-B9BBA1C01590}
	EndGlobalSection
EndGlobal
